
Microsoft Visual Studio Solution File, Format Version 12.00
# Visual Studio Version 16
VisualStudioVersion = 16.0.29609.76
MinimumVisualStudioVersion = 10.0.40219.1
Project("{9A19103F-16F7-4668-BE54-9A1E7A4F7556}") = "Domain", "Domain\Domain.csproj", "{C884310E-2FA0-424D-94CE-2A768DDFA6D3}"
EndProject
Project("{9A19103F-16F7-4668-BE54-9A1E7A4F7556}") = "Infrastructure", "Infrastructure\Infrastructure.csproj", "{FE67120D-9063-4B3E-B5AD-03BD353341D0}"
EndProject
Project("{9A19103F-16F7-4668-BE54-9A1E7A4F7556}") = "Web", "Web\Web.csproj", "{84C907D5-B678-4990-832B-56E0187DB37C}"
EndProject
Global
	GlobalSection(SolutionConfigurationPlatforms) = preSolution
		Debug|Any CPU = Debug|Any CPU
		Release|Any CPU = Release|Any CPU
	EndGlobalSection
	GlobalSection(ProjectConfigurationPlatforms) = postSolution
		{C884310E-2FA0-424D-94CE-2A768DDFA6D3}.Debug|Any CPU.ActiveCfg = Debug|Any CPU
		{C884310E-2FA0-424D-94CE-2A768DDFA6D3}.Debug|Any CPU.Build.0 = Debug|Any CPU
		{C884310E-2FA0-424D-94CE-2A768DDFA6D3}.Release|Any CPU.ActiveCfg = Release|Any CPU
		{C884310E-2FA0-424D-94CE-2A768DDFA6D3}.Release|Any CPU.Build.0 = Release|Any CPU
		{FE67120D-9063-4B3E-B5AD-03BD353341D0}.Debug|Any CPU.ActiveCfg = Debug|Any CPU
		{FE67120D-9063-4B3E-B5AD-03BD353341D0}.Debug|Any CPU.Build.0 = Debug|Any CPU
		{FE67120D-9063-4B3E-B5AD-03BD353341D0}.Release|Any CPU.ActiveCfg = Release|Any CPU
		{FE67120D-9063-4B3E-B5AD-03BD353341D0}.Release|Any CPU.Build.0 = Release|Any CPU
		{84C907D5-B678-4990-832B-56E0187DB37C}.Debug|Any CPU.ActiveCfg = Debug|Any CPU
		{84C907D5-B678-4990-832B-56E0187DB37C}.Debug|Any CPU.Build.0 = Debug|Any CPU
		{84C907D5-B678-4990-832B-56E0187DB37C}.Release|Any CPU.ActiveCfg = Release|Any CPU
		{84C907D5-B678-4990-832B-56E0187DB37C}.Release|Any CPU.Build.0 = Release|Any CPU
	EndGlobalSection
	GlobalSection(SolutionProperties) = preSolution
		HideSolutionNode = FALSE
	EndGlobalSection
	GlobalSection(ExtensibilityGlobals) = postSolution
		SolutionGuid = {C660569A-72FB-4595-8B70-13CE2165C279}
	EndGlobalSection
EndGlobal
